Microsoft Visual Studio Solution File, Format Version 11.00
# Visual Studio 2008

Project("{A77459F6-0FC9-06F0-BB8C-45C3D4A2CF6A}") = "NavMesh", "Assembly-CSharp-vs.csproj", "{5C5A758D-9CAE-C586-67A2-AFA743B37560}"
EndProject
Project("{A77459F6-0FC9-06F0-BB8C-45C3D4A2CF6A}") = "NavMesh", "Assembly-CSharp-Editor-vs.csproj", "{C87A5162-27DA-D4EA-7AC8-6CF152A7091A}"
EndProject
Global
	GlobalSection(SolutionConfigurationPlatforms) = preSolution
		Debug|Any CPU = Debug|Any CPU
		Release|Any CPU = Release|Any CPU
	EndGlobalSection
	GlobalSection(ProjectConfigurationPlatforms) = postSolution
		{5C5A758D-9CAE-C586-67A2-AFA743B37560}.Debug|Any CPU.ActiveCfg = Debug|Any CPU
		{5C5A758D-9CAE-C586-67A2-AFA743B37560}.Debug|Any CPU.Build.0 = Debug|Any CPU
		{5C5A758D-9CAE-C586-67A2-AFA743B37560}.Release|Any CPU.ActiveCfg = Release|Any CPU
		{5C5A758D-9CAE-C586-67A2-AFA743B37560}.Release|Any CPU.Build.0 = Release|Any CPU
		{C87A5162-27DA-D4EA-7AC8-6CF152A7091A}.Debug|Any CPU.ActiveCfg = Debug|Any CPU
		{C87A5162-27DA-D4EA-7AC8-6CF152A7091A}.Debug|Any CPU.Build.0 = Debug|Any CPU
		{C87A5162-27DA-D4EA-7AC8-6CF152A7091A}.Release|Any CPU.ActiveCfg = Release|Any CPU
		{C87A5162-27DA-D4EA-7AC8-6CF152A7091A}.Release|Any CPU.Build.0 = Release|Any CPU
	EndGlobalSection
	GlobalSection(SolutionProperties) = preSolution
		HideSolutionNode = FALSE
	EndGlobalSection
		GlobalSection(MonoDevelopProperties) = preSolution
		StartupItem = Assembly-CSharp.csproj
		Policies = $0
		$0.TextStylePolicy = $1
		$1.inheritsSet = null
		$1.scope = text/x-csharp
		$0.CSharpFormattingPolicy = $2
		$2.inheritsSet = Mono
		$2.inheritsScope = text/x-csharp
		$2.scope = text/x-csharp
		$0.TextStylePolicy = $3
		$3.FileWidth = 120
		$3.TabWidth = 4
		$3.EolMarker = Unix
		$3.inheritsSet = Mono
		$3.inheritsScope = text/plain
		$3.scope = text/plain
	EndGlobalSection

EndGlobal
